// !$*UTF8*$!
{
	archiveVersion = 1;
	classes = {
	};
	objectVersion = 46;
	objects = {

/* Begin PBXBuildFile section */
		77D6397C194E50800008F506 /* AppDelegate.swift in Sources */ = {isa = PBXBuildFile; fileRef = 77D6397B194E50800008F506 /* AppDelegate.swift */; };
		77D6397E194E50810008F506 /* Images.xcassets in Resources */ = {isa = PBXBuildFile; fileRef = 77D6397D194E50810008F506 /* Images.xcassets */; };
		77D63994194E50E20008F506 /* ControlViewController.xib in Resources */ = {isa = PBXBuildFile; fileRef = 77D63993194E50E20008F506 /* ControlViewController.xib */; };
		77D63996194E512B0008F506 /* ControlViewController.swift in Sources */ = {isa = PBXBuildFile; fileRef = 77D63995194E512B0008F506 /* ControlViewController.swift */; };
		77D63998194E51E50008F506 /* ShapeView.swift in Sources */ = {isa = PBXBuildFile; fileRef = 77D63997194E51E50008F506 /* ShapeView.swift */; };
/* End PBXBuildFile section */

/* Begin PBXContainerItemProxy section */
		77205EBF194FA4B700B0A1A5 /* PBXContainerItemProxy */ = {
			isa = PBXContainerItemProxy;
			containerPortal = 77D6396E194E50800008F506 /* Project object */;
			proxyType = 1;
			remoteGlobalIDString = 77D63975194E50800008F506;
			remoteInfo = swiftest;
		};
		77D63984194E50810008F506 /* PBXContainerItemProxy */ = {
			isa = PBXContainerItemProxy;
			containerPortal = 77D6396E194E50800008F506 /* Project object */;
			proxyType = 1;
			remoteGlobalIDString = 77D63975194E50800008F506;
			remoteInfo = swiftest;
		};
/* End PBXContainerItemProxy section */

/* Begin PBXFileReference section */
		77D63976194E50800008F506 /* swiftest.app */ = {isa = PBXFileReference; explicitFileType = wrapper.application; includeInIndex = 0; path = swiftest.app; sourceTree = BUILT_PRODUCTS_DIR; };
		77D6397A194E50800008F506 /* Info.plist */ = {isa = PBXFileReference; lastKnownFileType = text.plist.xml; path = Info.plist; sourceTree = "<group>"; };
		77D6397B194E50800008F506 /* AppDelegate.swift */ = {isa = PBXFileReference; lastKnownFileType = sourcecode.swift; path = AppDelegate.swift; sourceTree = "<group>"; };
		77D6397D194E50810008F506 /* Images.xcassets */ = {isa = PBXFileReference; lastKnownFileType = folder.assetcatalog; path = Images.xcassets; sourceTree = "<group>"; };
		77D63983194E50810008F506 /* swiftestTests.xctest */ = {isa = PBXFileReference; explicitFileType = wrapper.cfbundle; includeInIndex = 0; path = swiftestTests.xctest; sourceTree = BUILT_PRODUCTS_DIR; };
		77D63993194E50E20008F506 /* ControlViewController.xib */ = {isa = PBXFileReference; fileEncoding = 4; lastKnownFileType = file.xib; path = ControlViewController.xib; sourceTree = "<group>"; };
		77D63995194E512B0008F506 /* ControlViewController.swift */ = {isa = PBXFileReference; fileEncoding = 4; lastKnownFileType = sourcecode.swift; path = ControlViewController.swift; sourceTree = "<group>"; };
		77D63997194E51E50008F506 /* ShapeView.swift */ = {isa = PBXFileReference; fileEncoding = 4; lastKnownFileType = sourcecode.swift; path = ShapeView.swift; sourceTree = "<group>"; };
/* End PBXFileReference section */

/* Begin PBXFrameworksBuildPhase section */
		77D63973194E50800008F506 /* Frameworks */ = {
			isa = PBXFrameworksBuildPhase;
			buildActionMask = 2147483647;
			files = (
			);
			runOnlyForDeploymentPostprocessing = 0;
		};
		77D63980194E50810008F506 /* Frameworks */ = {
			isa = PBXFrameworksBuildPhase;
			buildActionMask = 2147483647;
			files = (
			);
			runOnlyForDeploymentPostprocessing = 0;
		};
/* End PBXFrameworksBuildPhase section */

/* Begin PBXGroup section */
		77D6396D194E50800008F506 = {
			isa = PBXGroup;
			children = (
				77D63978194E50800008F506 /* swiftest */,
				77D63977194E50800008F506 /* Products */,
			);
			sourceTree = "<group>";
		};
		77D63977194E50800008F506 /* Products */ = {
			isa = PBXGroup;
			children = (
				77D63976194E50800008F506 /* swiftest.app */,
				77D63983194E50810008F506 /* swiftestTests.xctest */,
			);
			name = Products;
			sourceTree = "<group>";
		};
		77D63978194E50800008F506 /* swiftest */ = {
			isa = PBXGroup;
			children = (
				77D63993194E50E20008F506 /* ControlViewController.xib */,
				77D63997194E51E50008F506 /* ShapeView.swift */,
				77D63995194E512B0008F506 /* ControlViewController.swift */,
				77D6397B194E50800008F506 /* AppDelegate.swift */,
				77D6397D194E50810008F506 /* Images.xcassets */,
				77D63979194E50800008F506 /* Supporting Files */,
			);
			path = swiftest;
			sourceTree = "<group>";
		};
		77D63979194E50800008F506 /* Supporting Files */ = {
			isa = PBXGroup;
			children = (
				77D6397A194E50800008F506 /* Info.plist */,
			);
			name = "Supporting Files";
			sourceTree = "<group>";
		};
/* End PBXGroup section */

/* Begin PBXNativeTarget section */
		77D63975194E50800008F506 /* swiftest */ = {
			isa = PBXNativeTarget;
			buildConfigurationList = 77D6398D194E50820008F506 /* Build configuration list for PBXNativeTarget "swiftest" */;
			buildPhases = (
				77D63972194E50800008F506 /* Sources */,
				77D63973194E50800008F506 /* Frameworks */,
				77D63974194E50800008F506 /* Resources */,
			);
			buildRules = (
			);
			dependencies = (
			);
			name = swiftest;
			productName = swiftest;
			productReference = 77D63976194E50800008F506 /* swiftest.app */;
			productType = "com.apple.product-type.application";
		};
		77D63982194E50810008F506 /* swiftestTests */ = {
			isa = PBXNativeTarget;
			buildConfigurationList = 77D63990194E50820008F506 /* Build configuration list for PBXNativeTarget "swiftestTests" */;
			buildPhases = (
				77D6397F194E50810008F506 /* Sources */,
				77D63980194E50810008F506 /* Frameworks */,
				77D63981194E50810008F506 /* Resources */,
			);
			buildRules = (
			);
			dependencies = (
				77D63985194E50810008F506 /* PBXTargetDependency */,
				77205EC0194FA4B700B0A1A5 /* PBXTargetDependency */,
			);
			name = swiftestTests;
			productName = swiftestTests;
			productReference = 77D63983194E50810008F506 /* swiftestTests.xctest */;
			productType = "com.apple.product-type.bundle.unit-test";
		};
/* End PBXNativeTarget section */

/* Begin PBXProject section */
		77D6396E194E50800008F506 /* Project object */ = {
			isa = PBXProject;
			attributes = {
				LastUpgradeCheck = 0600;
				ORGANIZATIONNAME = "Akiva Leffert";
				TargetAttributes = {
					77D63975194E50800008F506 = {
						CreatedOnToolsVersion = 6.0;
					};
					77D63982194E50810008F506 = {
						CreatedOnToolsVersion = 6.0;
						TestTargetID = 77D63975194E50800008F506;
					};
				};
			};
			buildConfigurationList = 77D63971194E50800008F506 /* Build configuration list for PBXProject "swiftest" */;
			compatibilityVersion = "Xcode 3.2";
			developmentRegion = English;
			hasScannedForEncodings = 0;
			knownRegions = (
				en,
			);
			mainGroup = 77D6396D194E50800008F506;
			productRefGroup = 77D63977194E50800008F506 /* Products */;
			projectDirPath = "";
			projectRoot = "";
			targets = (
				77D63975194E50800008F506 /* swiftest */,
				77D63982194E50810008F506 /* swiftestTests */,
			);
		};
/* End PBXProject section */

/* Begin PBXResourcesBuildPhase section */
		77D63974194E50800008F506 /* Resources */ = {
			isa = PBXResourcesBuildPhase;
			buildActionMask = 2147483647;
			files = (
				77D63994194E50E20008F506 /* ControlViewController.xib in Resources */,
				77D6397E194E50810008F506 /* Images.xcassets in Resources */,
			);
			runOnlyForDeploymentPostprocessing = 0;
		};
		77D63981194E50810008F506 /* Resources */ = {
			isa = PBXResourcesBuildPhase;
			buildActionMask = 2147483647;
			files = (
			);
			runOnlyForDeploymentPostprocessing = 0;
		};
/* End PBXResourcesBuildPhase section */

/* Begin PBXSourcesBuildPhase section */
		77D63972194E50800008F506 /* Sources */ = {
			isa = PBXSourcesBuildPhase;
			buildActionMask = 2147483647;
			files = (
				77D63998194E51E50008F506 /* ShapeView.swift in Sources */,
				77D63996194E512B0008F506 /* ControlViewController.swift in Sources */,
				77D6397C194E50800008F506 /* AppDelegate.swift in Sources */,
			);
			runOnlyForDeploymentPostprocessing = 0;
		};
		77D6397F194E50810008F506 /* Sources */ = {
			isa = PBXSourcesBuildPhase;
			buildActionMask = 2147483647;
			files = (
			);
			runOnlyForDeploymentPostprocessing = 0;
		};
/* End PBXSourcesBuildPhase section */

/* Begin PBXTargetDependency section */
		77205EC0194FA4B700B0A1A5 /* PBXTargetDependency */ = {
			isa = PBXTargetDependency;
			target = 77D63975194E50800008F506 /* swiftest */;
			targetProxy = 77205EBF194FA4B700B0A1A5 /* PBXContainerItemProxy */;
		};
		77D63985194E50810008F506 /* PBXTargetDependency */ = {
			isa = PBXTargetDependency;
			target = 77D63975194E50800008F506 /* swiftest */;
			targetProxy = 77D63984194E50810008F506 /* PBXContainerItemProxy */;
		};
/* End PBXTargetDependency section */

/* Begin XCBuildConfiguration section */
		77D6398B194E50820008F506 /* Debug */ = {
			isa = XCBuildConfiguration;
			buildSettings = {
				ALWAYS_SEARCH_USER_PATHS = NO;
				CLANG_CXX_LANGUAGE_STANDARD = "gnu++0x";
				CLANG_CXX_LIBRARY = "libc++";
				CLANG_ENABLE_MODULES = YES;
				CLANG_ENABLE_OBJC_ARC = YES;
				CLANG_WARN_BOOL_CONVERSION = YES;
				CLANG_WARN_CONSTANT_CONVERSION = YES;
				CLANG_WARN_DIRECT_OBJC_ISA_USAGE = YES_ERROR;
				CLANG_WARN_EMPTY_BODY = YES;
				CLANG_WARN_ENUM_CONVERSION = YES;
				CLANG_WARN_INT_CONVERSION = YES;
				CLANG_WARN_OBJC_ROOT_CLASS = YES_ERROR;
				CLANG_WARN_UNREACHABLE_CODE = YES;
				CLANG_WARN__DUPLICATE_METHOD_MATCH = YES;
				"CODE_SIGN_IDENTITY[sdk=iphoneos*]" = "iPhone Developer";
				COPY_PHASE_STRIP = NO;
				ENABLE_STRICT_OBJC_MSGSEND = YES;
				GCC_C_LANGUAGE_STANDARD = gnu99;
				GCC_DYNAMIC_NO_PIC = NO;
				GCC_OPTIMIZATION_LEVEL = 0;
				GCC_PREPROCESSOR_DEFINITIONS = (
					"DEBUG=1",
					"$(inherited)",
				);
				GCC_SYMBOLS_PRIVATE_EXTERN = NO;
				GCC_WARN_64_TO_32_BIT_CONVERSION = YES;
				GCC_WARN_ABOUT_RETURN_TYPE = YES_ERROR;
				GCC_WARN_UNDECLARED_SELECTOR = YES;
				GCC_WARN_UNINITIALIZED_AUTOS = YES_AGGRESSIVE;
				GCC_WARN_UNUSED_FUNCTION = YES;
				GCC_WARN_UNUSED_VARIABLE = YES;
				IPHONEOS_DEPLOYMENT_TARGET = 8.0;
				METAL_ENABLE_DEBUG_INFO = YES;
				ONLY_ACTIVE_ARCH = YES;
				SDKROOT = iphoneos;
				SWIFT_OPTIMIZATION_LEVEL = "-Onone";
			};
			name = Debug;
		};
		77D6398C194E50820008F506 /* Release */ = {
			isa = XCBuildConfiguration;
			buildSettings = {
				ALWAYS_SEARCH_USER_PATHS = NO;
				CLANG_CXX_LANGUAGE_STANDARD = "gnu++0x";
				CLANG_CXX_LIBRARY = "libc++";
				CLANG_ENABLE_MODULES = YES;
				CLANG_ENABLE_OBJC_ARC = YES;
				CLANG_WARN_BOOL_CONVERSION = YES;
				CLANG_WARN_CONSTANT_CONVERSION = YES;
				CLANG_WARN_DIRECT_OBJC_ISA_USAGE = YES_ERROR;
				CLANG_WARN_EMPTY_BODY = YES;
				CLANG_WARN_ENUM_CONVERSION = YES;
				CLANG_WARN_INT_CONVERSION = YES;
				CLANG_WARN_OBJC_ROOT_CLASS = YES_ERROR;
				CLANG_WARN_UNREACHABLE_CODE = YES;
				CLANG_WARN__DUPLICATE_METHOD_MATCH = YES;
				"CODE_SIGN_IDENTITY[sdk=iphoneos*]" = "iPhone Developer";
				COPY_PHASE_STRIP = YES;
				ENABLE_NS_ASSERTIONS = NO;
				ENABLE_STRICT_OBJC_MSGSEND = YES;
				GCC_C_LANGUAGE_STANDARD = gnu99;
				GCC_WARN_64_TO_32_BIT_CONVERSION = YES;
				GCC_WARN_ABOUT_RETURN_TYPE = YES_ERROR;
				GCC_WARN_UNDECLARED_SELECTOR = YES;
				GCC_WARN_UNINITIALIZED_AUTOS = YES_AGGRESSIVE;
				GCC_WARN_UNUSED_FUNCTION = YES;
				GCC_WARN_UNUSED_VARIABLE = YES;
				IPHONEOS_DEPLOYMENT_TARGET = 8.0;
				METAL_ENABLE_DEBUG_INFO = NO;
				SDKROOT = iphoneos;
				VALIDATE_PRODUCT = YES;
			};
			name = Release;
		};
		77D6398E194E50820008F506 /* Debug */ = {
			isa = XCBuildConfiguration;
			buildSettings = {
				ASSETCATALOG_COMPILER_APPICON_NAME = AppIcon;
				ASSETCATALOG_COMPILER_LAUNCHIMAGE_NAME = LaunchImage;
				INFOPLIST_FILE = swiftest/Info.plist;
				LD_RUNPATH_SEARCH_PATHS = "$(inherited) @executable_path/Frameworks";
				PRODUCT_NAME = "$(TARGET_NAME)";
			};
			name = Debug;
		};
		77D6398F194E50820008F506 /* Release */ = {
			isa = XCBuildConfiguration;
			buildSettings = {
				ASSETCATALOG_COMPILER_APPICON_NAME = AppIcon;
				ASSETCATALOG_COMPILER_LAUNCHIMAGE_NAME = LaunchImage;
				INFOPLIST_FILE = swiftest/Info.plist;
				LD_RUNPATH_SEARCH_PATHS = "$(inherited) @executable_path/Frameworks";
				PRODUCT_NAME = "$(TARGET_NAME)";
			};
			name = Release;
		};
		77D63991194E50820008F506 /* Debug */ = {
			isa = XCBuildConfiguration;
			buildSettings = {
				BUNDLE_LOADER = "$(BUILT_PRODUCTS_DIR)/swiftest.app/swiftest";
				FRAMEWORK_SEARCH_PATHS = (
					"$(SDKROOT)/Developer/Library/Frameworks",
					"$(inherited)",
				);
				GCC_PREPROCESSOR_DEFINITIONS = (
					"DEBUG=1",
					"$(inherited)",
				);
				INFOPLIST_FILE = swiftestTests/Info.plist;
				LD_RUNPATH_SEARCH_PATHS = "$(inherited) @executable_path/Frameworks @loader_path/Frameworks";
				METAL_ENABLE_DEBUG_INFO = YES;
				PRODUCT_NAME = "$(TARGET_NAME)";
				TEST_HOST = "$(BUNDLE_LOADER)";
			};
			name = Debug;
		};
		77D63992194E50820008F506 /* Release */ = {
			isa = XCBuildConfiguration;
			buildSettings = {
				BUNDLE_LOADER = "$(BUILT_PRODUCTS_DIR)/swiftest.app/swiftest";
				FRAMEWORK_SEARCH_PATHS = (
					"$(SDKROOT)/Developer/Library/Frameworks",
					"$(inherited)",
				);
				INFOPLIST_FILE = swiftestTests/Info.plist;
				LD_RUNPATH_SEARCH_PATHS = "$(inherited) @executable_path/Frameworks @loader_path/Frameworks";
				METAL_ENABLE_DEBUG_INFO = NO;
				PRODUCT_NAME = "$(TARGET_NAME)";
				TEST_HOST = "$(BUNDLE_LOADER)";
			};
			name = Release;
		};
/* End XCBuildConfiguration section */

/* Begin XCConfigurationList section */
		77D63971194E50800008F506 /* Build configuration list for PBXProject "swiftest" */ = {
			isa = XCConfigurationList;
			buildConfigurations = (
				77D6398B194E50820008F506 /* Debug */,
				77D6398C194E50820008F506 /* Release */,
			);
			defaultConfigurationIsVisible = 0;
			defaultConfigurationName = Release;
		};
		77D6398D194E50820008F506 /* Build configuration list for PBXNativeTarget "swiftest" */ = {
			isa = XCConfigurationList;
			buildConfigurations = (
				77D6398E194E50820008F506 /* Debug */,
				77D6398F194E50820008F506 /* Release */,
			);
			defaultConfigurationIsVisible = 0;
			defaultConfigurationName = Release;
		};
		77D63990194E50820008F506 /* Build configuration list for PBXNativeTarget "swiftestTests" */ = {
			isa = XCConfigurationList;
			buildConfigurations = (
				77D63991194E50820008F506 /* Debug */,
				77D63992194E50820008F506 /* Release */,
			);
			defaultConfigurationIsVisible = 0;
			defaultConfigurationName = Release;
		};
/* End XCConfigurationList section */
	};
	rootObject = 77D6396E194E50800008F506 /* Project object */;
}
